// !$*UTF8*$!
{
	archiveVersion = 1;
	classes = {
	};
	objectVersion = 46;
	objects = {

/* Begin PBXBuildFile section */
		652160A11361673C00113FC9 /* MDACCellBackgroundBottom.png in Resources */ = {isa = PBXBuildFile; fileRef = 6521609B1361673C00113FC9 /* MDACCellBackgroundBottom.png */; };
		652160A21361673C00113FC9 /* MDACCellBackgroundBottom@2x.png in Resources */ = {isa = PBXBuildFile; fileRef = 6521609C1361673C00113FC9 /* MDACCellBackgroundBottom@2x.png */; };
		652160A31361673C00113FC9 /* MDACCellBackgroundMiddle.png in Resources */ = {isa = PBXBuildFile; fileRef = 6521609D1361673C00113FC9 /* MDACCellBackgroundMiddle.png */; };
		652160A41361673C00113FC9 /* MDACCellBackgroundMiddle@2x.png in Resources */ = {isa = PBXBuildFile; fileRef = 6521609E1361673C00113FC9 /* MDACCellBackgroundMiddle@2x.png */; };
		652160A51361673C00113FC9 /* MDACCellBackgroundTop.png in Resources */ = {isa = PBXBuildFile; fileRef = 6521609F1361673C00113FC9 /* MDACCellBackgroundTop.png */; };
		652160A61361673C00113FC9 /* MDACCellBackgroundTop@2x.png in Resources */ = {isa = PBXBuildFile; fileRef = 652160A01361673C00113FC9 /* MDACCellBackgroundTop@2x.png */; };
		652160BC1362234A00113FC9 /* MDACCellBackgroundSelectedBottom.png in Resources */ = {isa = PBXBuildFile; fileRef = 652160B01362234A00113FC9 /* MDACCellBackgroundSelectedBottom.png */; };
		652160BD1362234A00113FC9 /* MDACCellBackgroundSelectedBottom@2x.png in Resources */ = {isa = PBXBuildFile; fileRef = 652160B11362234A00113FC9 /* MDACCellBackgroundSelectedBottom@2x.png */; };
		652160BE1362234A00113FC9 /* MDACCellBackgroundSelectedMiddle.png in Resources */ = {isa = PBXBuildFile; fileRef = 652160B21362234A00113FC9 /* MDACCellBackgroundSelectedMiddle.png */; };
		652160BF1362234A00113FC9 /* MDACCellBackgroundSelectedMiddle@2x.png in Resources */ = {isa = PBXBuildFile; fileRef = 652160B31362234A00113FC9 /* MDACCellBackgroundSelectedMiddle@2x.png */; };
		652160C01362234A00113FC9 /* MDACCellBackgroundSelectedSingle.png in Resources */ = {isa = PBXBuildFile; fileRef = 652160B41362234A00113FC9 /* MDACCellBackgroundSelectedSingle.png */; };
		652160C11362234A00113FC9 /* MDACCellBackgroundSelectedSingle@2x.png in Resources */ = {isa = PBXBuildFile; fileRef = 652160B51362234A00113FC9 /* MDACCellBackgroundSelectedSingle@2x.png */; };
		652160C21362234A00113FC9 /* MDACCellBackgroundSelectedTop.png in Resources */ = {isa = PBXBuildFile; fileRef = 652160B61362234A00113FC9 /* MDACCellBackgroundSelectedTop.png */; };
		652160C31362234A00113FC9 /* MDACCellBackgroundSelectedTop@2x.png in Resources */ = {isa = PBXBuildFile; fileRef = 652160B71362234A00113FC9 /* MDACCellBackgroundSelectedTop@2x.png */; };
		652160C41362234A00113FC9 /* MDACCellBackgroundSingle.png in Resources */ = {isa = PBXBuildFile; fileRef = 652160B81362234A00113FC9 /* MDACCellBackgroundSingle.png */; };
		652160C51362234A00113FC9 /* MDACCellBackgroundSingle@2x.png in Resources */ = {isa = PBXBuildFile; fileRef = 652160B91362234A00113FC9 /* MDACCellBackgroundSingle@2x.png */; };
		652160C61362234A00113FC9 /* MDACLinkArrow.png in Resources */ = {isa = PBXBuildFile; fileRef = 652160BA1362234A00113FC9 /* MDACLinkArrow.png */; };
		652160C71362234A00113FC9 /* MDACLinkArrow@2x.png in Resources */ = {isa = PBXBuildFile; fileRef = 652160BB1362234A00113FC9 /* MDACLinkArrow@2x.png */; };
		652160D01362303400113FC9 /* MDACIconMask.png in Resources */ = {isa = PBXBuildFile; fileRef = 652160CA1362303400113FC9 /* MDACIconMask.png */; };
		652160D11362303400113FC9 /* MDACIconMask@2x.png in Resources */ = {isa = PBXBuildFile; fileRef = 652160CB1362303400113FC9 /* MDACIconMask@2x.png */; };
		652160D21362303400113FC9 /* MDACIconMask~ipad.png in Resources */ = {isa = PBXBuildFile; fileRef = 652160CC1362303400113FC9 /* MDACIconMask~ipad.png */; };
		652160D31362303400113FC9 /* MDACIconShadow.png in Resources */ = {isa = PBXBuildFile; fileRef = 652160CD1362303400113FC9 /* MDACIconShadow.png */; };
		652160D41362303400113FC9 /* MDACIconShadow@2x.png in Resources */ = {isa = PBXBuildFile; fileRef = 652160CE1362303400113FC9 /* MDACIconShadow@2x.png */; };
		652160D51362303400113FC9 /* MDACIconShadow~ipad.png in Resources */ = {isa = PBXBuildFile; fileRef = 652160CF1362303400113FC9 /* MDACIconShadow~ipad.png */; };
		652160D91362309900113FC9 /* Icon57px.png in Resources */ = {isa = PBXBuildFile; fileRef = 652160D61362309900113FC9 /* Icon57px.png */; };
		652160DA1362309900113FC9 /* Icon72px.png in Resources */ = {isa = PBXBuildFile; fileRef = 652160D71362309900113FC9 /* Icon72px.png */; };
		652160DB1362309900113FC9 /* Icon114px.png in Resources */ = {isa = PBXBuildFile; fileRef = 652160D81362309900113FC9 /* Icon114px.png */; };
		652160F61362BBF500113FC9 /* logo.png in Resources */ = {isa = PBXBuildFile; fileRef = 652160F41362BBF500113FC9 /* logo.png */; };
		652160F71362BBF500113FC9 /* logo@2x.png in Resources */ = {isa = PBXBuildFile; fileRef = 652160F51362BBF500113FC9 /* logo@2x.png */; };
		6525E0891360071900E70F9D /* Credits.plist in Resources */ = {isa = PBXBuildFile; fileRef = 6525E0881360071900E70F9D /* Credits.plist */; };
		65262AC1135FA02500F99CB5 /* MDAboutController.m in Sources */ = {isa = PBXBuildFile; fileRef = 65262AB7135FA02500F99CB5 /* MDAboutController.m */; };
		65262AC2135FA02500F99CB5 /* MDACBackground.png in Resources */ = {isa = PBXBuildFile; fileRef = 65262AB9135FA02500F99CB5 /* MDACBackground.png */; };
		65262AC3135FA02500F99CB5 /* MDACBackground@2x.png in Resources */ = {isa = PBXBuildFile; fileRef = 65262ABA135FA02500F99CB5 /* MDACBackground@2x.png */; };
		65262AC4135FA02500F99CB5 /* MDACDoneButton.png in Resources */ = {isa = PBXBuildFile; fileRef = 65262ABB135FA02500F99CB5 /* MDACDoneButton.png */; };
		65262AC5135FA02500F99CB5 /* MDACDoneButton@2x.png in Resources */ = {isa = PBXBuildFile; fileRef = 65262ABC135FA02500F99CB5 /* MDACDoneButton@2x.png */; };
		65262AC6135FA02500F99CB5 /* MDACDoneButtonPressed.png in Resources */ = {isa = PBXBuildFile; fileRef = 65262ABD135FA02500F99CB5 /* MDACDoneButtonPressed.png */; };
		65262AC7135FA02500F99CB5 /* MDACDoneButtonPressed@2x.png in Resources */ = {isa = PBXBuildFile; fileRef = 65262ABE135FA02500F99CB5 /* MDACDoneButtonPressed@2x.png */; };
		65262AC8135FA02500F99CB5 /* MDACTitleBar.png in Resources */ = {isa = PBXBuildFile; fileRef = 65262ABF135FA02500F99CB5 /* MDACTitleBar.png */; };
		65262AC9135FA02500F99CB5 /* MDACTitleBar@2x.png in Resources */ = {isa = PBXBuildFile; fileRef = 65262AC0135FA02500F99CB5 /* MDACTitleBar@2x.png */; };
		652F7E95135CEF3800B24FF3 /* UIKit.framework in Frameworks */ = {isa = PBXBuildFile; fileRef = 652F7E94135CEF3800B24FF3 /* UIKit.framework */; };
		652F7E97135CEF3800B24FF3 /* Foundation.framework in Frameworks */ = {isa = PBXBuildFile; fileRef = 652F7E96135CEF3800B24FF3 /* Foundation.framework */; };
		652F7E99135CEF3800B24FF3 /* CoreGraphics.framework in Frameworks */ = {isa = PBXBuildFile; fileRef = 652F7E98135CEF3800B24FF3 /* CoreGraphics.framework */; };
		652F7E9F135CEF3900B24FF3 /* InfoPlist.strings in Resources */ = {isa = PBXBuildFile; fileRef = 652F7E9D135CEF3900B24FF3 /* InfoPlist.strings */; };
		652F7EA2135CEF3900B24FF3 /* main.m in Sources */ = {isa = PBXBuildFile; fileRef = 652F7EA1135CEF3900B24FF3 /* main.m */; };
		652F7EA5135CEF3900B24FF3 /* MDAboutControllerAppDelegate.m in Sources */ = {isa = PBXBuildFile; fileRef = 652F7EA4135CEF3900B24FF3 /* MDAboutControllerAppDelegate.m */; };
		652F7EA8135CEF3900B24FF3 /* MainWindow.xib in Resources */ = {isa = PBXBuildFile; fileRef = 652F7EA6135CEF3900B24FF3 /* MainWindow.xib */; };
		652F7EAB135CEF3900B24FF3 /* MDAboutControllerViewController.m in Sources */ = {isa = PBXBuildFile; fileRef = 652F7EAA135CEF3900B24FF3 /* MDAboutControllerViewController.m */; };
		652F7EAE135CEF3900B24FF3 /* MDAboutControllerViewController.xib in Resources */ = {isa = PBXBuildFile; fileRef = 652F7EAC135CEF3900B24FF3 /* MDAboutControllerViewController.xib */; };
/* End PBXBuildFile section */

/* Begin PBXFileReference section */
		6521609B1361673C00113FC9 /* MDACCellBackgroundBottom.png */ = {isa = PBXFileReference; lastKnownFileType = image.png; path = MDACCellBackgroundBottom.png; sourceTree = "<group>"; };
		6521609C1361673C00113FC9 /* MDACCellBackgroundBottom@2x.png */ = {isa = PBXFileReference; lastKnownFileType = image.png; path = "MDACCellBackgroundBottom@2x.png"; sourceTree = "<group>"; };
		6521609D1361673C00113FC9 /* MDACCellBackgroundMiddle.png */ = {isa = PBXFileReference; lastKnownFileType = image.png; path = MDACCellBackgroundMiddle.png; sourceTree = "<group>"; };
		6521609E1361673C00113FC9 /* MDACCellBackgroundMiddle@2x.png */ = {isa = PBXFileReference; lastKnownFileType = image.png; path = "MDACCellBackgroundMiddle@2x.png"; sourceTree = "<group>"; };
		6521609F1361673C00113FC9 /* MDACCellBackgroundTop.png */ = {isa = PBXFileReference; lastKnownFileType = image.png; path = MDACCellBackgroundTop.png; sourceTree = "<group>"; };
		652160A01361673C00113FC9 /* MDACCellBackgroundTop@2x.png */ = {isa = PBXFileReference; lastKnownFileType = image.png; path = "MDACCellBackgroundTop@2x.png"; sourceTree = "<group>"; };
		652160B01362234A00113FC9 /* MDACCellBackgroundSelectedBottom.png */ = {isa = PBXFileReference; lastKnownFileType = image.png; path = MDACCellBackgroundSelectedBottom.png; sourceTree = "<group>"; };
		652160B11362234A00113FC9 /* MDACCellBackgroundSelectedBottom@2x.png */ = {isa = PBXFileReference; lastKnownFileType = image.png; path = "MDACCellBackgroundSelectedBottom@2x.png"; sourceTree = "<group>"; };
		652160B21362234A00113FC9 /* MDACCellBackgroundSelectedMiddle.png */ = {isa = PBXFileReference; lastKnownFileType = image.png; path = MDACCellBackgroundSelectedMiddle.png; sourceTree = "<group>"; };
		652160B31362234A00113FC9 /* MDACCellBackgroundSelectedMiddle@2x.png */ = {isa = PBXFileReference; lastKnownFileType = image.png; path = "MDACCellBackgroundSelectedMiddle@2x.png"; sourceTree = "<group>"; };
		652160B41362234A00113FC9 /* MDACCellBackgroundSelectedSingle.png */ = {isa = PBXFileReference; lastKnownFileType = image.png; path = MDACCellBackgroundSelectedSingle.png; sourceTree = "<group>"; };
		652160B51362234A00113FC9 /* MDACCellBackgroundSelectedSingle@2x.png */ = {isa = PBXFileReference; lastKnownFileType = image.png; path = "MDACCellBackgroundSelectedSingle@2x.png"; sourceTree = "<group>"; };
		652160B61362234A00113FC9 /* MDACCellBackgroundSelectedTop.png */ = {isa = PBXFileReference; lastKnownFileType = image.png; path = MDACCellBackgroundSelectedTop.png; sourceTree = "<group>"; };
		652160B71362234A00113FC9 /* MDACCellBackgroundSelectedTop@2x.png */ = {isa = PBXFileReference; lastKnownFileType = image.png; path = "MDACCellBackgroundSelectedTop@2x.png"; sourceTree = "<group>"; };
		652160B81362234A00113FC9 /* MDACCellBackgroundSingle.png */ = {isa = PBXFileReference; lastKnownFileType = image.png; path = MDACCellBackgroundSingle.png; sourceTree = "<group>"; };
		652160B91362234A00113FC9 /* MDACCellBackgroundSingle@2x.png */ = {isa = PBXFileReference; lastKnownFileType = image.png; path = "MDACCellBackgroundSingle@2x.png"; sourceTree = "<group>"; };
		652160BA1362234A00113FC9 /* MDACLinkArrow.png */ = {isa = PBXFileReference; lastKnownFileType = image.png; path = MDACLinkArrow.png; sourceTree = "<group>"; };
		652160BB1362234A00113FC9 /* MDACLinkArrow@2x.png */ = {isa = PBXFileReference; lastKnownFileType = image.png; path = "MDACLinkArrow@2x.png"; sourceTree = "<group>"; };
		652160C9136229C000113FC9 /* README.md */ = {isa = PBXFileReference; lastKnownFileType = text; path = README.md; sourceTree = "<group>"; };
		652160CA1362303400113FC9 /* MDACIconMask.png */ = {isa = PBXFileReference; lastKnownFileType = image.png; path = MDACIconMask.png; sourceTree = "<group>"; };
		652160CB1362303400113FC9 /* MDACIconMask@2x.png */ = {isa = PBXFileReference; lastKnownFileType = image.png; path = "MDACIconMask@2x.png"; sourceTree = "<group>"; };
		652160CC1362303400113FC9 /* MDACIconMask~ipad.png */ = {isa = PBXFileReference; lastKnownFileType = image.png; path = "MDACIconMask~ipad.png"; sourceTree = "<group>"; };
		652160CD1362303400113FC9 /* MDACIconShadow.png */ = {isa = PBXFileReference; lastKnownFileType = image.png; path = MDACIconShadow.png; sourceTree = "<group>"; };
		652160CE1362303400113FC9 /* MDACIconShadow@2x.png */ = {isa = PBXFileReference; lastKnownFileType = image.png; path = "MDACIconShadow@2x.png"; sourceTree = "<group>"; };
		652160CF1362303400113FC9 /* MDACIconShadow~ipad.png */ = {isa = PBXFileReference; lastKnownFileType = image.png; path = "MDACIconShadow~ipad.png"; sourceTree = "<group>"; };
		652160D61362309900113FC9 /* Icon57px.png */ = {isa = PBXFileReference; lastKnownFileType = image.png; path = Icon57px.png; sourceTree = "<group>"; };
		652160D71362309900113FC9 /* Icon72px.png */ = {isa = PBXFileReference; lastKnownFileType = image.png; path = Icon72px.png; sourceTree = "<group>"; };
		652160D81362309900113FC9 /* Icon114px.png */ = {isa = PBXFileReference; lastKnownFileType = image.png; path = Icon114px.png; sourceTree = "<group>"; };
		652160F41362BBF500113FC9 /* logo.png */ = {isa = PBXFileReference; lastKnownFileType = image.png; path = logo.png; sourceTree = "<group>"; };
		652160F51362BBF500113FC9 /* logo@2x.png */ = {isa = PBXFileReference; lastKnownFileType = image.png; path = "logo@2x.png"; sourceTree = "<group>"; };
		6525E0881360071900E70F9D /* Credits.plist */ = {isa = PBXFileReference; fileEncoding = 4; lastKnownFileType = text.plist.xml; path = Credits.plist; sourceTree = "<group>"; };
		65262AB6135FA02500F99CB5 /* MDAboutController.h */ = {isa = PBXFileReference; fileEncoding = 4; lastKnownFileType = sourcecode.c.h; path = MDAboutController.h; sourceTree = "<group>"; };
		65262AB7135FA02500F99CB5 /* MDAboutController.m */ = {isa = PBXFileReference; fileEncoding = 4; lastKnownFileType = sourcecode.c.objc; path = MDAboutController.m; sourceTree = "<group>"; };
		65262AB9135FA02500F99CB5 /* MDACBackground.png */ = {isa = PBXFileReference; lastKnownFileType = image.png; path = MDACBackground.png; sourceTree = "<group>"; };
		65262ABA135FA02500F99CB5 /* MDACBackground@2x.png */ = {isa = PBXFileReference; lastKnownFileType = image.png; path = "MDACBackground@2x.png"; sourceTree = "<group>"; };
		65262ABB135FA02500F99CB5 /* MDACDoneButton.png */ = {isa = PBXFileReference; lastKnownFileType = image.png; path = MDACDoneButton.png; sourceTree = "<group>"; };
		65262ABC135FA02500F99CB5 /* MDACDoneButton@2x.png */ = {isa = PBXFileReference; lastKnownFileType = image.png; path = "MDACDoneButton@2x.png"; sourceTree = "<group>"; };
		65262ABD135FA02500F99CB5 /* MDACDoneButtonPressed.png */ = {isa = PBXFileReference; lastKnownFileType = image.png; path = MDACDoneButtonPressed.png; sourceTree = "<group>"; };
		65262ABE135FA02500F99CB5 /* MDACDoneButtonPressed@2x.png */ = {isa = PBXFileReference; lastKnownFileType = image.png; path = "MDACDoneButtonPressed@2x.png"; sourceTree = "<group>"; };
		65262ABF135FA02500F99CB5 /* MDACTitleBar.png */ = {isa = PBXFileReference; lastKnownFileType = image.png; path = MDACTitleBar.png; sourceTree = "<group>"; };
		65262AC0135FA02500F99CB5 /* MDACTitleBar@2x.png */ = {isa = PBXFileReference; lastKnownFileType = image.png; path = "MDACTitleBar@2x.png"; sourceTree = "<group>"; };
		652F7E90135CEF3800B24FF3 /* MDAboutController.app */ = {isa = PBXFileReference; explicitFileType = wrapper.application; includeInIndex = 0; path = MDAboutController.app; sourceTree = BUILT_PRODUCTS_DIR; };
		652F7E94135CEF3800B24FF3 /* UIKit.framework */ = {isa = PBXFileReference; lastKnownFileType = wrapper.framework; name = UIKit.framework; path = System/Library/Frameworks/UIKit.framework; sourceTree = SDKROOT; };
		652F7E96135CEF3800B24FF3 /* Foundation.framework */ = {isa = PBXFileReference; lastKnownFileType = wrapper.framework; name = Foundation.framework; path = System/Library/Frameworks/Foundation.framework; sourceTree = SDKROOT; };
		652F7E98135CEF3800B24FF3 /* CoreGraphics.framework */ = {isa = PBXFileReference; lastKnownFileType = wrapper.framework; name = CoreGraphics.framework; path = System/Library/Frameworks/CoreGraphics.framework; sourceTree = SDKROOT; };
		652F7E9C135CEF3900B24FF3 /* MDAboutController-Info.plist */ = {isa = PBXFileReference; lastKnownFileType = text.plist.xml; path = "MDAboutController-Info.plist"; sourceTree = "<group>"; };
		652F7E9E135CEF3900B24FF3 /* en */ = {isa = PBXFileReference; lastKnownFileType = text.plist.strings; name = en; path = en.lproj/InfoPlist.strings; sourceTree = "<group>"; };
		652F7EA0135CEF3900B24FF3 /* MDAboutController-Prefix.pch */ = {isa = PBXFileReference; lastKnownFileType = sourcecode.c.h; path = "MDAboutController-Prefix.pch"; sourceTree = "<group>"; };
		652F7EA1135CEF3900B24FF3 /* main.m */ = {isa = PBXFileReference; lastKnownFileType = sourcecode.c.objc; path = main.m; sourceTree = "<group>"; };
		652F7EA3135CEF3900B24FF3 /* MDAboutControllerAppDelegate.h */ = {isa = PBXFileReference; lastKnownFileType = sourcecode.c.h; path = MDAboutControllerAppDelegate.h; sourceTree = "<group>"; };
		652F7EA4135CEF3900B24FF3 /* MDAboutControllerAppDelegate.m */ = {isa = PBXFileReference; lastKnownFileType = sourcecode.c.objc; path = MDAboutControllerAppDelegate.m; sourceTree = "<group>"; };
		652F7EA7135CEF3900B24FF3 /* en */ = {isa = PBXFileReference; lastKnownFileType = file.xib; name = en; path = en.lproj/MainWindow.xib; sourceTree = "<group>"; };
		652F7EA9135CEF3900B24FF3 /* MDAboutControllerViewController.h */ = {isa = PBXFileReference; lastKnownFileType = sourcecode.c.h; path = MDAboutControllerViewController.h; sourceTree = "<group>"; };
		652F7EAA135CEF3900B24FF3 /* MDAboutControllerViewController.m */ = {isa = PBXFileReference; lastKnownFileType = sourcecode.c.objc; path = MDAboutControllerViewController.m; sourceTree = "<group>"; };
		652F7EAD135CEF3900B24FF3 /* en */ = {isa = PBXFileReference; lastKnownFileType = file.xib; name = en; path = en.lproj/MDAboutControllerViewController.xib; sourceTree = "<group>"; };
/* End PBXFileReference section */

/* Begin PBXFrameworksBuildPhase section */
		652F7E8D135CEF3800B24FF3 /* Frameworks */ = {
			isa = PBXFrameworksBuildPhase;
			buildActionMask = 2147483647;
			files = (
				652F7E95135CEF3800B24FF3 /* UIKit.framework in Frameworks */,
				652F7E97135CEF3800B24FF3 /* Foundation.framework in Frameworks */,
				652F7E99135CEF3800B24FF3 /* CoreGraphics.framework in Frameworks */,
			);
			runOnlyForDeploymentPostprocessing = 0;
		};
/* End PBXFrameworksBuildPhase section */

/* Begin PBXGroup section */
		65262AB4135FA02500F99CB5 /* MDAboutController */ = {
			isa = PBXGroup;
			children = (
				65262AB5135FA02500F99CB5 /* Classes */,
				65262AB8135FA02500F99CB5 /* Images */,
			);
			path = MDAboutController;
			sourceTree = "<group>";
		};
		65262AB5135FA02500F99CB5 /* Classes */ = {
			isa = PBXGroup;
			children = (
				65262AB6135FA02500F99CB5 /* MDAboutController.h */,
				65262AB7135FA02500F99CB5 /* MDAboutController.m */,
			);
			path = Classes;
			sourceTree = "<group>";
		};
		65262AB8135FA02500F99CB5 /* Images */ = {
			isa = PBXGroup;
			children = (
				652160CA1362303400113FC9 /* MDACIconMask.png */,
				652160CB1362303400113FC9 /* MDACIconMask@2x.png */,
				652160CC1362303400113FC9 /* MDACIconMask~ipad.png */,
				652160CD1362303400113FC9 /* MDACIconShadow.png */,
				652160CE1362303400113FC9 /* MDACIconShadow@2x.png */,
				652160CF1362303400113FC9 /* MDACIconShadow~ipad.png */,
				652160B01362234A00113FC9 /* MDACCellBackgroundSelectedBottom.png */,
				652160B11362234A00113FC9 /* MDACCellBackgroundSelectedBottom@2x.png */,
				652160B21362234A00113FC9 /* MDACCellBackgroundSelectedMiddle.png */,
				652160B31362234A00113FC9 /* MDACCellBackgroundSelectedMiddle@2x.png */,
				652160B41362234A00113FC9 /* MDACCellBackgroundSelectedSingle.png */,
				652160B51362234A00113FC9 /* MDACCellBackgroundSelectedSingle@2x.png */,
				652160B61362234A00113FC9 /* MDACCellBackgroundSelectedTop.png */,
				652160B71362234A00113FC9 /* MDACCellBackgroundSelectedTop@2x.png */,
				652160B81362234A00113FC9 /* MDACCellBackgroundSingle.png */,
				652160B91362234A00113FC9 /* MDACCellBackgroundSingle@2x.png */,
				652160BA1362234A00113FC9 /* MDACLinkArrow.png */,
				652160BB1362234A00113FC9 /* MDACLinkArrow@2x.png */,
				6521609B1361673C00113FC9 /* MDACCellBackgroundBottom.png */,
				6521609C1361673C00113FC9 /* MDACCellBackgroundBottom@2x.png */,
				6521609D1361673C00113FC9 /* MDACCellBackgroundMiddle.png */,
				6521609E1361673C00113FC9 /* MDACCellBackgroundMiddle@2x.png */,
				6521609F1361673C00113FC9 /* MDACCellBackgroundTop.png */,
				652160A01361673C00113FC9 /* MDACCellBackgroundTop@2x.png */,
				65262AB9135FA02500F99CB5 /* MDACBackground.png */,
				65262ABA135FA02500F99CB5 /* MDACBackground@2x.png */,
				65262ABB135FA02500F99CB5 /* MDACDoneButton.png */,
				65262ABC135FA02500F99CB5 /* MDACDoneButton@2x.png */,
				65262ABD135FA02500F99CB5 /* MDACDoneButtonPressed.png */,
				65262ABE135FA02500F99CB5 /* MDACDoneButtonPressed@2x.png */,
				65262ABF135FA02500F99CB5 /* MDACTitleBar.png */,
				65262AC0135FA02500F99CB5 /* MDACTitleBar@2x.png */,
			);
			path = Images;
			sourceTree = "<group>";
		};
		652F7E85135CEF3800B24FF3 = {
			isa = PBXGroup;
			children = (
				652160C9136229C000113FC9 /* README.md */,
				652F7E9A135CEF3800B24FF3 /* MDAboutController */,
				652F7E93135CEF3800B24FF3 /* Frameworks */,
				652F7E91135CEF3800B24FF3 /* Products */,
			);
			sourceTree = "<group>";
		};
		652F7E91135CEF3800B24FF3 /* Products */ = {
			isa = PBXGroup;
			children = (
				652F7E90135CEF3800B24FF3 /* MDAboutController.app */,
			);
			name = Products;
			sourceTree = "<group>";
		};
		652F7E93135CEF3800B24FF3 /* Frameworks */ = {
			isa = PBXGroup;
			children = (
				652F7E94135CEF3800B24FF3 /* UIKit.framework */,
				652F7E96135CEF3800B24FF3 /* Foundation.framework */,
				652F7E98135CEF3800B24FF3 /* CoreGraphics.framework */,
			);
			name = Frameworks;
			sourceTree = "<group>";
		};
		652F7E9A135CEF3800B24FF3 /* MDAboutController */ = {
			isa = PBXGroup;
			children = (
				652F7EA3135CEF3900B24FF3 /* MDAboutControllerAppDelegate.h */,
				652F7EA4135CEF3900B24FF3 /* MDAboutControllerAppDelegate.m */,
				652F7EA6135CEF3900B24FF3 /* MainWindow.xib */,
				652F7EA9135CEF3900B24FF3 /* MDAboutControllerViewController.h */,
				652F7EAA135CEF3900B24FF3 /* MDAboutControllerViewController.m */,
				652F7EAC135CEF3900B24FF3 /* MDAboutControllerViewController.xib */,
				65262AB4135FA02500F99CB5 /* MDAboutController */,
				652F7E9B135CEF3900B24FF3 /* Supporting Files */,
			);
			path = MDAboutController;
			sourceTree = "<group>";
		};
		652F7E9B135CEF3900B24FF3 /* Supporting Files */ = {
			isa = PBXGroup;
			children = (
				652160F41362BBF500113FC9 /* logo.png */,
				652160F51362BBF500113FC9 /* logo@2x.png */,
				652160D61362309900113FC9 /* Icon57px.png */,
				652160D71362309900113FC9 /* Icon72px.png */,
				652160D81362309900113FC9 /* Icon114px.png */,
				652F7E9C135CEF3900B24FF3 /* MDAboutController-Info.plist */,
				652F7E9D135CEF3900B24FF3 /* InfoPlist.strings */,
				652F7EA0135CEF3900B24FF3 /* MDAboutController-Prefix.pch */,
				652F7EA1135CEF3900B24FF3 /* main.m */,
				6525E0881360071900E70F9D /* Credits.plist */,
			);
			name = "Supporting Files";
			sourceTree = "<group>";
		};
/* End PBXGroup section */

/* Begin PBXNativeTarget section */
		652F7E8F135CEF3800B24FF3 /* MDAboutController */ = {
			isa = PBXNativeTarget;
			buildConfigurationList = 652F7EB1135CEF3900B24FF3 /* Build configuration list for PBXNativeTarget "MDAboutController" */;
			buildPhases = (
				652F7E8C135CEF3800B24FF3 /* Sources */,
				652F7E8D135CEF3800B24FF3 /* Frameworks */,
				652F7E8E135CEF3800B24FF3 /* Resources */,
			);
			buildRules = (
			);
			dependencies = (
			);
			name = MDAboutController;
			productName = MDAboutController;
			productReference = 652F7E90135CEF3800B24FF3 /* MDAboutController.app */;
			productType = "com.apple.product-type.application";
		};
/* End PBXNativeTarget section */

/* Begin PBXProject section */
		652F7E87135CEF3800B24FF3 /* Project object */ = {
			isa = PBXProject;
			attributes = {
				ORGANIZATIONNAME = "Mochi Development Inc.";
			};
			buildConfigurationList = 652F7E8A135CEF3800B24FF3 /* Build configuration list for PBXProject "MDAboutController" */;
			compatibilityVersion = "Xcode 3.2";
			developmentRegion = English;
			hasScannedForEncodings = 0;
			knownRegions = (
				en,
			);
			mainGroup = 652F7E85135CEF3800B24FF3;
			productRefGroup = 652F7E91135CEF3800B24FF3 /* Products */;
			projectDirPath = "";
			projectRoot = "";
			targets = (
				652F7E8F135CEF3800B24FF3 /* MDAboutController */,
			);
		};
/* End PBXProject section */

/* Begin PBXResourcesBuildPhase section */
		652F7E8E135CEF3800B24FF3 /* Resources */ = {
			isa = PBXResourcesBuildPhase;
			buildActionMask = 2147483647;
			files = (
				652F7E9F135CEF3900B24FF3 /* InfoPlist.strings in Resources */,
				652F7EA8135CEF3900B24FF3 /* MainWindow.xib in Resources */,
				652F7EAE135CEF3900B24FF3 /* MDAboutControllerViewController.xib in Resources */,
				65262AC2135FA02500F99CB5 /* MDACBackground.png in Resources */,
				65262AC3135FA02500F99CB5 /* MDACBackground@2x.png in Resources */,
				65262AC4135FA02500F99CB5 /* MDACDoneButton.png in Resources */,
				65262AC5135FA02500F99CB5 /* MDACDoneButton@2x.png in Resources */,
				65262AC6135FA02500F99CB5 /* MDACDoneButtonPressed.png in Resources */,
				65262AC7135FA02500F99CB5 /* MDACDoneButtonPressed@2x.png in Resources */,
				65262AC8135FA02500F99CB5 /* MDACTitleBar.png in Resources */,
				65262AC9135FA02500F99CB5 /* MDACTitleBar@2x.png in Resources */,
				6525E0891360071900E70F9D /* Credits.plist in Resources */,
				652160A11361673C00113FC9 /* MDACCellBackgroundBottom.png in Resources */,
				652160A21361673C00113FC9 /* MDACCellBackgroundBottom@2x.png in Resources */,
				652160A31361673C00113FC9 /* MDACCellBackgroundMiddle.png in Resources */,
				652160A41361673C00113FC9 /* MDACCellBackgroundMiddle@2x.png in Resources */,
				652160A51361673C00113FC9 /* MDACCellBackgroundTop.png in Resources */,
				652160A61361673C00113FC9 /* MDACCellBackgroundTop@2x.png in Resources */,
				652160BC1362234A00113FC9 /* MDACCellBackgroundSelectedBottom.png in Resources */,
				652160BD1362234A00113FC9 /* MDACCellBackgroundSelectedBottom@2x.png in Resources */,
				652160BE1362234A00113FC9 /* MDACCellBackgroundSelectedMiddle.png in Resources */,
				652160BF1362234A00113FC9 /* MDACCellBackgroundSelectedMiddle@2x.png in Resources */,
				652160C01362234A00113FC9 /* MDACCellBackgroundSelectedSingle.png in Resources */,
				652160C11362234A00113FC9 /* MDACCellBackgroundSelectedSingle@2x.png in Resources */,
				652160C21362234A00113FC9 /* MDACCellBackgroundSelectedTop.png in Resources */,
				652160C31362234A00113FC9 /* MDACCellBackgroundSelectedTop@2x.png in Resources */,
				652160C41362234A00113FC9 /* MDACCellBackgroundSingle.png in Resources */,
				652160C51362234A00113FC9 /* MDACCellBackgroundSingle@2x.png in Resources */,
				652160C61362234A00113FC9 /* MDACLinkArrow.png in Resources */,
				652160C71362234A00113FC9 /* MDACLinkArrow@2x.png in Resources */,
				652160D01362303400113FC9 /* MDACIconMask.png in Resources */,
				652160D11362303400113FC9 /* MDACIconMask@2x.png in Resources */,
				652160D21362303400113FC9 /* MDACIconMask~ipad.png in Resources */,
				652160D31362303400113FC9 /* MDACIconShadow.png in Resources */,
				652160D41362303400113FC9 /* MDACIconShadow@2x.png in Resources */,
				652160D51362303400113FC9 /* MDACIconShadow~ipad.png in Resources */,
				652160D91362309900113FC9 /* Icon57px.png in Resources */,
				652160DA1362309900113FC9 /* Icon72px.png in Resources */,
				652160DB1362309900113FC9 /* Icon114px.png in Resources */,
				652160F61362BBF500113FC9 /* logo.png in Resources */,
				652160F71362BBF500113FC9 /* logo@2x.png in Resources */,
			);
			runOnlyForDeploymentPostprocessing = 0;
		};
/* End PBXResourcesBuildPhase section */

/* Begin PBXSourcesBuildPhase section */
		652F7E8C135CEF3800B24FF3 /* Sources */ = {
			isa = PBXSourcesBuildPhase;
			buildActionMask = 2147483647;
			files = (
				652F7EA2135CEF3900B24FF3 /* main.m in Sources */,
				652F7EA5135CEF3900B24FF3 /* MDAboutControllerAppDelegate.m in Sources */,
				652F7EAB135CEF3900B24FF3 /* MDAboutControllerViewController.m in Sources */,
				65262AC1135FA02500F99CB5 /* MDAboutController.m in Sources */,
			);
			runOnlyForDeploymentPostprocessing = 0;
		};
/* End PBXSourcesBuildPhase section */

/* Begin PBXVariantGroup section */
		652F7E9D135CEF3900B24FF3 /* InfoPlist.strings */ = {
			isa = PBXVariantGroup;
			children = (
				652F7E9E135CEF3900B24FF3 /* en */,
			);
			name = InfoPlist.strings;
			sourceTree = "<group>";
		};
		652F7EA6135CEF3900B24FF3 /* MainWindow.xib */ = {
			isa = PBXVariantGroup;
			children = (
				652F7EA7135CEF3900B24FF3 /* en */,
			);
			name = MainWindow.xib;
			sourceTree = "<group>";
		};
		652F7EAC135CEF3900B24FF3 /* MDAboutControllerViewController.xib */ = {
			isa = PBXVariantGroup;
			children = (
				652F7EAD135CEF3900B24FF3 /* en */,
			);
			name = MDAboutControllerViewController.xib;
			sourceTree = "<group>";
		};
/* End PBXVariantGroup section */

/* Begin XCBuildConfiguration section */
		652F7EAF135CEF3900B24FF3 /* Debug */ = {
			isa = XCBuildConfiguration;
			buildSettings = {
				ARCHS = "$(ARCHS_UNIVERSAL_IPHONE_OS)";
				"CODE_SIGN_IDENTITY[sdk=iphoneos*]" = "iPhone Developer";
				GCC_C_LANGUAGE_STANDARD = gnu99;
				GCC_OPTIMIZATION_LEVEL = 0;
				GCC_PREPROCESSOR_DEFINITIONS = DEBUG;
				GCC_SYMBOLS_PRIVATE_EXTERN = NO;
				GCC_VERSION = com.apple.compilers.llvmgcc42;
				GCC_WARN_ABOUT_RETURN_TYPE = YES;
				GCC_WARN_UNUSED_VARIABLE = YES;
				IPHONEOS_DEPLOYMENT_TARGET = 4.3;
				SDKROOT = iphoneos;
				TARGETED_DEVICE_FAMILY = 2;
			};
			name = Debug;
		};
		652F7EB0135CEF3900B24FF3 /* Release */ = {
			isa = XCBuildConfiguration;
			buildSettings = {
				ARCHS = "$(ARCHS_UNIVERSAL_IPHONE_OS)";
				"CODE_SIGN_IDENTITY[sdk=iphoneos*]" = "iPhone Developer";
				GCC_C_LANGUAGE_STANDARD = gnu99;
				GCC_VERSION = com.apple.compilers.llvmgcc42;
				GCC_WARN_ABOUT_RETURN_TYPE = YES;
				GCC_WARN_UNUSED_VARIABLE = YES;
				IPHONEOS_DEPLOYMENT_TARGET = 4.3;
				OTHER_CFLAGS = "-DNS_BLOCK_ASSERTIONS=1";
				SDKROOT = iphoneos;
				TARGETED_DEVICE_FAMILY = 2;
			};
			name = Release;
		};
		652F7EB2135CEF3900B24FF3 /* Debug */ = {
			isa = XCBuildConfiguration;
			buildSettings = {
				ALWAYS_SEARCH_USER_PATHS = NO;
				COPY_PHASE_STRIP = NO;
				GCC_DYNAMIC_NO_PIC = NO;
				GCC_PRECOMPILE_PREFIX_HEADER = YES;
				GCC_PREFIX_HEADER = "MDAboutController/MDAboutController-Prefix.pch";
				INFOPLIST_FILE = "MDAboutController/MDAboutController-Info.plist";
				PRODUCT_NAME = "$(TARGET_NAME)";
				TARGETED_DEVICE_FAMILY = "1,2";
				WRAPPER_EXTENSION = app;
			};
			name = Debug;
		};
		652F7EB3135CEF3900B24FF3 /* Release */ = {
			isa = XCBuildConfiguration;
			buildSettings = {
				ALWAYS_SEARCH_USER_PATHS = NO;
				COPY_PHASE_STRIP = YES;
				GCC_PRECOMPILE_PREFIX_HEADER = YES;
				GCC_PREFIX_HEADER = "MDAboutController/MDAboutController-Prefix.pch";
				INFOPLIST_FILE = "MDAboutController/MDAboutController-Info.plist";
				PRODUCT_NAME = "$(TARGET_NAME)";
				TARGETED_DEVICE_FAMILY = "1,2";
				VALIDATE_PRODUCT = YES;
				WRAPPER_EXTENSION = app;
			};
			name = Release;
		};
/* End XCBuildConfiguration section */

/* Begin XCConfigurationList section */
		652F7E8A135CEF3800B24FF3 /* Build configuration list for PBXProject "MDAboutController" */ = {
			isa = XCConfigurationList;
			buildConfigurations = (
				652F7EAF135CEF3900B24FF3 /* Debug */,
				652F7EB0135CEF3900B24FF3 /* Release */,
			);
			defaultConfigurationIsVisible = 0;
			defaultConfigurationName = Release;
		};
		652F7EB1135CEF3900B24FF3 /* Build configuration list for PBXNativeTarget "MDAboutController" */ = {
			isa = XCConfigurationList;
			buildConfigurations = (
				652F7EB2135CEF3900B24FF3 /* Debug */,
				652F7EB3135CEF3900B24FF3 /* Release */,
			);
			defaultConfigurationIsVisible = 0;
			defaultConfigurationName = Release;
		};
/* End XCConfigurationList section */
	};
	rootObject = 652F7E87135CEF3800B24FF3 /* Project object */;
}
